
Microsoft Visual Studio Solution File, Format Version 12.00
# Visual Studio Version 17
VisualStudioVersion = 17.8.34330.188
MinimumVisualStudioVersion = 10.0.40219.1
Project("{FAE04EC0-301F-11D3-BF4B-00C04F79EFBC}") = "VehiclesApi", "VehiclesApi\VehiclesApi.csproj", "{001FFC95-D669-42B0-9BD8-DFA1ABF7F73A}"
EndProject
Global
	GlobalSection(SolutionConfigurationPlatforms) = preSolution
		Debug|Any CPU = Debug|Any CPU
		Release|Any CPU = Release|Any CPU
	EndGlobalSection
	GlobalSection(ProjectConfigurationPlatforms) = postSolution
		{001FFC95-D669-42B0-9BD8-DFA1ABF7F73A}.Debug|Any CPU.ActiveCfg = Debug|Any CPU
		{001FFC95-D669-42B0-9BD8-DFA1ABF7F73A}.Debug|Any CPU.Build.0 = Debug|Any CPU
		{001FFC95-D669-42B0-9BD8-DFA1ABF7F73A}.Release|Any CPU.ActiveCfg = Release|Any CPU
		{001FFC95-D669-42B0-9BD8-DFA1ABF7F73A}.Release|Any CPU.Build.0 = Release|Any CPU
	EndGlobalSection
	GlobalSection(SolutionProperties) = preSolution
		HideSolutionNode = FALSE
	EndGlobalSection
	GlobalSection(ExtensibilityGlobals) = postSolution
		SolutionGuid = {8B357509-CC50-410B-86D7-A586389CDBD2}
	EndGlobalSection
EndGlobal
